{
  "requires": true,
  "lockfileVersion": 1,
  "dependencies": {
    "node-cronojobs": {
      "version": "1.0.1",
      "resolved": "https://registry.npmjs.org/node-cronojobs/-/node-cronojobs-1.0.1.tgz",
      "integrity": "sha512-ZhDaqywk3b6r0C6IE0Nmx7uNH7ZiI2WAkxNlT/bjWx5vf6YBtB4b3yuQQzypsmmUYTYfXX4pmHPWFXatQH8M2g=="
    }
  }
}
